
Microsoft Visual Studio Solution File, Format Version 11.00
# Visual Studio 2010
Project("{FAE04EC0-301F-11D3-BF4B-00C04F79EFBC}") = "KeyHooker", "KeyHooker\KeyHooker.csproj", "{CAD51365-C43F-4159-8DAE-6EB0EE79B01D}"
EndProject
Global
	GlobalSection(SolutionConfigurationPlatforms) = preSolution
		Debug|x86 = Debug|x86
		Release|x86 = Release|x86
	EndGlobalSection
	GlobalSection(ProjectConfigurationPlatforms) = postSolution
		{CAD51365-C43F-4159-8DAE-6EB0EE79B01D}.Debug|x86.ActiveCfg = Debug|x86
		{CAD51365-C43F-4159-8DAE-6EB0EE79B01D}.Debug|x86.Build.0 = Debug|x86
		{CAD51365-C43F-4159-8DAE-6EB0EE79B01D}.Release|x86.ActiveCfg = Release|x86
		{CAD51365-C43F-4159-8DAE-6EB0EE79B01D}.Release|x86.Build.0 = Release|x86
	EndGlobalSection
	GlobalSection(SolutionProperties) = preSolution
		HideSolutionNode = FALSE
	EndGlobalSection
EndGlobal
